
Microsoft Visual Studio Solution File, Format Version 12.00
# Visual Studio Version 17
VisualStudioVersion = 17.5.33516.290
MinimumVisualStudioVersion = 10.0.40219.1
Project("{9A19103F-16F7-4668-BE54-9A1E7A4F7556}") = "Nomina", "Nomina.csproj", "{8BCBB714-76D6-48D2-91B4-471805EFFCE4}"
EndProject
Global
	GlobalSection(SolutionConfigurationPlatforms) = preSolution
		Debug|Any CPU = Debug|Any CPU
		Release|Any CPU = Release|Any CPU
	EndGlobalSection
	GlobalSection(ProjectConfigurationPlatforms) = postSolution
		{8BCBB714-76D6-48D2-91B4-471805EFFCE4}.Debug|Any CPU.ActiveCfg = Debug|Any CPU
		{8BCBB714-76D6-48D2-91B4-471805EFFCE4}.Debug|Any CPU.Build.0 = Debug|Any CPU
		{8BCBB714-76D6-48D2-91B4-471805EFFCE4}.Release|Any CPU.ActiveCfg = Release|Any CPU
		{8BCBB714-76D6-48D2-91B4-471805EFFCE4}.Release|Any CPU.Build.0 = Release|Any CPU
	EndGlobalSection
	GlobalSection(SolutionProperties) = preSolution
		HideSolutionNode = FALSE
	EndGlobalSection
	GlobalSection(ExtensibilityGlobals) = postSolution
		SolutionGuid = {ABD4DAC6-4106-4ABE-B8C0-1E7B2C09BD66}
	EndGlobalSection
EndGlobal
